
Microsoft Visual Studio Solution File, Format Version 12.00
# Visual Studio 15
VisualStudioVersion = 15.0.28010.2036
MinimumVisualStudioVersion = 10.0.40219.1
Project("{FAE04EC0-301F-11D3-BF4B-00C04F79EFBC}") = "CityInfo.API", "CityInfo.API\CityInfo.API.csproj", "{309E092B-8CAA-4409-B1C4-966A3655519C}"
EndProject
Global
	GlobalSection(SolutionConfigurationPlatforms) = preSolution
		Debug|Any CPU = Debug|Any CPU
		Release|Any CPU = Release|Any CPU
	EndGlobalSection
	GlobalSection(ProjectConfigurationPlatforms) = postSolution
		{309E092B-8CAA-4409-B1C4-966A3655519C}.Debug|Any CPU.ActiveCfg = Debug|Any CPU
		{309E092B-8CAA-4409-B1C4-966A3655519C}.Debug|Any CPU.Build.0 = Debug|Any CPU
		{309E092B-8CAA-4409-B1C4-966A3655519C}.Release|Any CPU.ActiveCfg = Release|Any CPU
		{309E092B-8CAA-4409-B1C4-966A3655519C}.Release|Any CPU.Build.0 = Release|Any CPU
	EndGlobalSection
	GlobalSection(SolutionProperties) = preSolution
		HideSolutionNode = FALSE
	EndGlobalSection
	GlobalSection(ExtensibilityGlobals) = postSolution
		SolutionGuid = {7DA25B99-7EA0-4DB3-9563-6C21586C3CC5}
	EndGlobalSection
EndGlobal
